
Microsoft Visual Studio Solution File, Format Version 12.00
# Visual Studio Version 17
VisualStudioVersion = 17.5.33424.131
MinimumVisualStudioVersion = 10.0.40219.1
Project("{9A19103F-16F7-4668-BE54-9A1E7A4F7556}") = "PhamTuanAnh_PH27168", "SellerProduct\PhamTuanAnh_PH27168.csproj", "{8BF698F2-795D-4C1D-B4D6-EBB00777450F}"
EndProject
Global
	GlobalSection(SolutionConfigurationPlatforms) = preSolution
		Debug|Any CPU = Debug|Any CPU
		Release|Any CPU = Release|Any CPU
	EndGlobalSection
	GlobalSection(ProjectConfigurationPlatforms) = postSolution
		{8BF698F2-795D-4C1D-B4D6-EBB00777450F}.Debug|Any CPU.ActiveCfg = Debug|Any CPU
		{8BF698F2-795D-4C1D-B4D6-EBB00777450F}.Debug|Any CPU.Build.0 = Debug|Any CPU
		{8BF698F2-795D-4C1D-B4D6-EBB00777450F}.Release|Any CPU.ActiveCfg = Release|Any CPU
		{8BF698F2-795D-4C1D-B4D6-EBB00777450F}.Release|Any CPU.Build.0 = Release|Any CPU
	EndGlobalSection
	GlobalSection(SolutionProperties) = preSolution
		HideSolutionNode = FALSE
	EndGlobalSection
	GlobalSection(ExtensibilityGlobals) = postSolution
		SolutionGuid = {799EA588-6CA5-48F7-8F34-B99DBF134B3B}
	EndGlobalSection
EndGlobal
